<?xml version="1.0" encoding="utf-8"?>
<Project ToolsVersion="4.0" xmlns:atg="http://atg.xbox.com" xmlns="http://schemas.microsoft.com/developer/msbuild/2003">
  <ItemGroup>
    <Filter Include="Resource Files">
      <UniqueIdentifier>{8e114980-c1a3-4ada-ad7c-83caadf5daeb}</UniqueIdentifier>
      <Extensions>rc;ico;cur;bmp;dlg;rc2;rct;bin;rgs;gif;jpg;jpeg;jpe</Extensions>
    </Filter>
    <Filter Include="DXUT">
      <UniqueIdentifier>{a43c5c25-0e86-4a20-b64a-883785ff74fd}</UniqueIdentifier>
    </Filter>
    <Filter Include="Core">
      <UniqueIdentifier>{d0fba102-3dca-4e1e-8f15-0bab03caab3d}</UniqueIdentifier>
    </Filter>
    <Filter Include="MapToolScene">
      <UniqueIdentifier>{f55f1379-6af6-433a-a541-f249c7bdad40}</UniqueIdentifier>
    </Filter>
    <Filter Include="Scene">
      <UniqueIdentifier>{6aff4687-4fd4-4bb6-b43e-ab8ae9350474}</UniqueIdentifier>
    </Filter>
    <Filter Include="MapToolScene\Scene">
      <UniqueIdentifier>{a5900e58-f60d-4976-ae5f-48317b2a25b4}</UniqueIdentifier>
    </Filter>
    <Filter Include="MapToolScene\Object">
      <UniqueIdentifier>{01d1516f-8878-4826-96d8-bf5d4ebd12c3}</UniqueIdentifier>
    </Filter>
    <Filter Include="Scene\Manager">
      <UniqueIdentifier>{78e29640-fb26-445d-9af4-bcde02e93c89}</UniqueIdentifier>
    </Filter>
    <Filter Include="GameScene">
      <UniqueIdentifier>{191da057-46c2-4341-b15e-6c2f1dcf7b72}</UniqueIdentifier>
    </Filter>
    <Filter Include="GameScene\Object">
      <UniqueIdentifier>{538ab9c4-1e6d-44de-936c-d075d37c571c}</UniqueIdentifier>
    </Filter>
    <Filter Include="GameScene\Scene">
      <UniqueIdentifier>{a28997bc-5680-4713-a2b1-af806b7b36d9}</UniqueIdentifier>
    </Filter>
    <Filter Include="GameScene\Object\Unit">
      <UniqueIdentifier>{da62614d-49aa-47f3-b053-adf0c4497da8}</UniqueIdentifier>
    </Filter>
    <Filter Include="GameScene\Object\Unit\Player">
      <UniqueIdentifier>{72569e5c-9235-43a0-ad4a-e36f21accce1}</UniqueIdentifier>
    </Filter>
    <Filter Include="GameScene\Object\Unit\Enemy">
      <UniqueIdentifier>{d325d689-7229-41c1-8ead-95e4776a4e79}</UniqueIdentifier>
    </Filter>
    <Filter Include="GameScene\Object\Unit\Weapon">
      <UniqueIdentifier>{420eada7-3fbf-4803-8b8f-57084d5ee67e}</UniqueIdentifier>
    </Filter>
    <Filter Include="GameScene\Object\Unit\Weapon\Bullet">
      <UniqueIdentifier>{86351967-ebb8-4900-9da4-787b8e57ce15}</UniqueIdentifier>
    </Filter>
    <Filter Include="GameScene\Object\Unit\Weapon\Gun">
      <UniqueIdentifier>{e2ab2ef0-a323-409b-b419-208a2f563fb3}</UniqueIdentifier>
    </Filter>
    <Filter Include="MapData">
      <UniqueIdentifier>{675a70f1-f252-4554-a070-73b15478ff55}</UniqueIdentifier>
    </Filter>
    <Filter Include="GameScene\Object\Effect">
      <UniqueIdentifier>{c84544de-4ca9-4e4e-9a97-0a378525ac06}</UniqueIdentifier>
    </Filter>
    <Filter Include="MapData\GameScene1">
      <UniqueIdentifier>{7827f649-8f96-418b-904f-46353dbc38c2}</UniqueIdentifier>
    </Filter>
    <Filter Include="MapData\GameScene1\room1">
      <UniqueIdentifier>{f2154727-87aa-4040-8d5b-4e52a489e9e6}</UniqueIdentifier>
    </Filter>
    <Filter Include="MapData\GameScene1\room2">
      <UniqueIdentifier>{57d4bb6d-5296-4c13-a933-1f8c86cda07e}</UniqueIdentifier>
    </Filter>
    <Filter Include="GameScene\Object\UI">
      <UniqueIdentifier>{372a6cab-7052-4dc0-90f9-94f2c5c8e20a}</UniqueIdentifier>
    </Filter>
    <Filter Include="GameScene\Object\Unit\Boss">
      <UniqueIdentifier>{975de674-4e54-4a17-832c-dc9eb35abbc7}</UniqueIdentifier>
    </Filter>
    <Filter Include="Shader">
      <UniqueIdentifier>{6fd138ba-cc19-4185-8934-52f6d3191002}</UniqueIdentifier>
    </Filter>
    <Filter Include="Shader\fx">
      <UniqueIdentifier>{f5453161-953b-4f20-9060-a44576a7f56c}</UniqueIdentifier>
    </Filter>
    <Filter Include="GameScene\Object\Item">
      <UniqueIdentifier>{102a546f-7298-4956-8eda-18bf8e2d4b41}</UniqueIdentifier>
    </Filter>
  </ItemGroup>
  <ItemGroup>
    <None Include="DXUT\Optional\directx.ico">
      <Filter>Resource Files</Filter>
    </None>
    <None Include="Assets\MapData\GameScene1\room1\map00.dat">
      <Filter>MapData\GameScene1\room1</Filter>
    </None>
    <None Include="Assets\MapData\GameScene1\room1\map01.dat">
      <Filter>MapData\GameScene1\room1</Filter>
    </None>
    <None Include="Assets\MapData\GameScene1\room2\map00.dat">
      <Filter>MapData\GameScene1\room2</Filter>
    </None>
    <None Include="Assets\MapData\GameScene1\room2\map01.dat">
      <Filter>MapData\GameScene1\room2</Filter>
    </None>
    <None Include="Assets\Shader\glowShader.fx">
      <Filter>Shader\fx</Filter>
    </None>
  </ItemGroup>
  <ItemGroup>
    <ClCompile Include="Camera.cpp">
      <Filter>Core</Filter>
    </ClCompile>
    <ClCompile Include="ActionShootingGame.cpp">
      <Filter>Core</Filter>
    </ClCompile>
    <ClCompile Include="Collider.cpp">
      <Filter>Core</Filter>
    </ClCompile>
    <ClCompile Include="Game.cpp">
      <Filter>Core</Filter>
    </ClCompile>
    <ClCompile Include="Input.cpp">
      <Filter>Core</Filter>
    </ClCompile>
    <ClCompile Include="Object.cpp">
      <Filter>Core</Filter>
    </ClCompile>
    <ClCompile Include="Sprite.cpp">
      <Filter>Core</Filter>
    </ClCompile>
    <ClCompile Include="Texture.cpp">
      <Filter>Core</Filter>
    </ClCompile>
    <ClCompile Include="Scene.cpp">
      <Filter>Scene</Filter>
    </ClCompile>
    <ClCompile Include="MapToolScene.cpp">
      <Filter>MapToolScene\Scene</Filter>
    </ClCompile>
    <ClCompile Include="MapToolBlock.cpp">
      <Filter>MapToolScene\Object</Filter>
    </ClCompile>
    <ClCompile Include="MapToolMouse.cpp">
      <Filter>MapToolScene\Object</Filter>
    </ClCompile>
    <ClCompile Include="FileManager.cpp">
      <Filter>Scene\Manager</Filter>
    </ClCompile>
    <ClCompile Include="MapManager.cpp">
      <Filter>Scene\Manager</Filter>
    </ClCompile>
    <ClCompile Include="GameScene.cpp">
      <Filter>GameScene\Scene</Filter>
    </ClCompile>
    <ClCompile Include="Unit.cpp">
      <Filter>GameScene\Object\Unit</Filter>
    </ClCompile>
    <ClCompile Include="Mouse.cpp" />
    <ClCompile Include="Player.cpp">
      <Filter>GameScene\Object\Unit\Player</Filter>
    </ClCompile>
    <ClCompile Include="CGun.cpp">
      <Filter>GameScene\Object\Unit\Weapon\Gun</Filter>
    </ClCompile>
    <ClCompile Include="CBullet.cpp">
      <Filter>GameScene\Object\Unit\Weapon\Bullet</Filter>
    </ClCompile>
    <ClCompile Include="BasicBullet.cpp">
      <Filter>GameScene\Object\Unit\Weapon\Bullet</Filter>
    </ClCompile>
    <ClCompile Include="TestPixel.cpp">
      <Filter>GameScene\Object\Unit\Weapon\Gun</Filter>
    </ClCompile>
    <ClCompile Include="PlayerState.cpp">
      <Filter>GameScene\Object\Unit\Player</Filter>
    </ClCompile>
    <ClCompile Include="EnemyState.cpp">
      <Filter>GameScene\Object\Unit\Enemy</Filter>
    </ClCompile>
    <ClCompile Include="HandGun.cpp">
      <Filter>GameScene\Object\Unit\Weapon\Gun</Filter>
    </ClCompile>
    <ClCompile Include="EnemyManager.cpp">
      <Filter>GameScene\Object\Unit\Enemy</Filter>
    </ClCompile>
    <ClCompile Include="ShotgunKin.cpp">
      <Filter>GameScene\Object\Unit\Enemy</Filter>
    </ClCompile>
    <ClCompile Include="BulletKim.cpp">
      <Filter>GameScene\Object\Unit\Enemy</Filter>
    </ClCompile>
    <ClCompile Include="CEnemy.cpp">
      <Filter>GameScene\Object\Unit\Enemy</Filter>
    </ClCompile>
    <ClCompile Include="ShotGun.cpp">
      <Filter>GameScene\Object\Unit\Weapon\Gun</Filter>
    </ClCompile>
    <ClCompile Include="CEffect.cpp">
      <Filter>GameScene\Object\Effect</Filter>
    </ClCompile>
    <ClCompile Include="Elevator.cpp">
      <Filter>GameScene\Object\Effect</Filter>
    </ClCompile>
    <ClCompile Include="Fade.cpp" />
    <ClCompile Include="TutorialScroll.cpp">
      <Filter>GameScene\Object\Effect</Filter>
    </ClCompile>
    <ClCompile Include="PlayerUI.cpp">
      <Filter>GameScene\Object\Unit\Player</Filter>
    </ClCompile>
    <ClCompile Include="Font.cpp">
      <Filter>GameScene\Object\UI</Filter>
    </ClCompile>
    <ClCompile Include="GatlingGull.cpp">
      <Filter>GameScene\Object\Unit\Boss</Filter>
    </ClCompile>
    <ClCompile Include="CBoss.cpp">
      <Filter>GameScene\Object\Unit\Boss</Filter>
    </ClCompile>
    <ClCompile Include="BossState.cpp">
      <Filter>GameScene\Object\Unit\Boss</Filter>
    </ClCompile>
    <ClCompile Include="Card.cpp">
      <Filter>GameScene\Object\UI</Filter>
    </ClCompile>
    <ClCompile Include="LevelUpEvent.cpp">
      <Filter>GameScene\Object\Unit\Player</Filter>
    </ClCompile>
    <ClCompile Include="BossUI.cpp">
      <Filter>GameScene\Object\Unit\Boss</Filter>
    </ClCompile>
    <ClCompile Include="BanBulletKin.cpp">
      <Filter>GameScene\Object\Unit\Enemy</Filter>
    </ClCompile>
    <ClCompile Include="SubMachineGun.cpp">
      <Filter>GameScene\Object\Unit\Weapon\Gun</Filter>
    </ClCompile>
    <ClCompile Include="Shotgat.cpp">
      <Filter>GameScene\Object\Unit\Enemy</Filter>
    </ClCompile>
    <ClCompile Include="ShotgatBullet.cpp">
      <Filter>GameScene\Object\Unit\Weapon\Bullet</Filter>
    </ClCompile>
    <ClCompile Include="GameScene2.cpp">
      <Filter>GameScene\Scene</Filter>
    </ClCompile>
    <ClCompile Include="GameScene3.cpp">
      <Filter>GameScene\Scene</Filter>
    </ClCompile>
    <ClCompile Include="PoisonBullet.cpp">
      <Filter>GameScene\Object\Unit\Weapon\Bullet</Filter>
    </ClCompile>
    <ClCompile Include="ShaderManager.cpp">
      <Filter>Shader</Filter>
    </ClCompile>
    <ClCompile Include="ColorShader.cpp">
      <Filter>Shader</Filter>
    </ClCompile>
    <ClCompile Include="GlowShader.cpp">
      <Filter>Shader</Filter>
    </ClCompile>
    <ClCompile Include="Item.cpp">
      <Filter>GameScene\Object\Item</Filter>
    </ClCompile>
    <ClCompile Include="Minimap.cpp">
      <Filter>GameScene\Object\UI</Filter>
    </ClCompile>
  </ItemGroup>
  <ItemGroup>
    <ClInclude Include="Camera.h">
      <Filter>Core</Filter>
    </ClInclude>
    <ClInclude Include="Collider.h">
      <Filter>Core</Filter>
    </ClInclude>
    <ClInclude Include="Game.h">
      <Filter>Core</Filter>
    </ClInclude>
    <ClInclude Include="Header.h">
      <Filter>Core</Filter>
    </ClInclude>
    <ClInclude Include="Input.h">
      <Filter>Core</Filter>
    </ClInclude>
    <ClInclude Include="Object.h">
      <Filter>Core</Filter>
    </ClInclude>
    <ClInclude Include="Singleton.h">
      <Filter>Core</Filter>
    </ClInclude>
    <ClInclude Include="Sprite.h">
      <Filter>Core</Filter>
    </ClInclude>
    <ClInclude Include="Texture.h">
      <Filter>Core</Filter>
    </ClInclude>
    <ClInclude Include="Scene.h">
      <Filter>Scene</Filter>
    </ClInclude>
    <ClInclude Include="MapToolScene.h">
      <Filter>MapToolScene\Scene</Filter>
    </ClInclude>
    <ClInclude Include="MapToolBlock.h">
      <Filter>MapToolScene\Object</Filter>
    </ClInclude>
    <ClInclude Include="MapToolMouse.h">
      <Filter>MapToolScene\Object</Filter>
    </ClInclude>
    <ClInclude Include="FileManager.h">
      <Filter>Scene\Manager</Filter>
    </ClInclude>
    <ClInclude Include="MapManager.h">
      <Filter>Scene\Manager</Filter>
    </ClInclude>
    <ClInclude Include="GameScene.h">
      <Filter>GameScene\Scene</Filter>
    </ClInclude>
    <ClInclude Include="Player.h">
      <Filter>GameScene\Object\Unit\Player</Filter>
    </ClInclude>
    <ClInclude Include="CState.h" />
    <ClInclude Include="Unit.h">
      <Filter>GameScene\Object\Unit</Filter>
    </ClInclude>
    <ClInclude Include="Mouse.h" />
    <ClInclude Include="CGun.h">
      <Filter>GameScene\Object\Unit\Weapon\Gun</Filter>
    </ClInclude>
    <ClInclude Include="CBullet.h">
      <Filter>GameScene\Object\Unit\Weapon\Bullet</Filter>
    </ClInclude>
    <ClInclude Include="BasicBullet.h">
      <Filter>GameScene\Object\Unit\Weapon\Bullet</Filter>
    </ClInclude>
    <ClInclude Include="TestPixel.h">
      <Filter>GameScene\Object\Unit\Weapon\Gun</Filter>
    </ClInclude>
    <ClInclude Include="PlayerState.h">
      <Filter>GameScene\Object\Unit\Player</Filter>
    </ClInclude>
    <ClInclude Include="EnemyState.h">
      <Filter>GameScene\Object\Unit\Enemy</Filter>
    </ClInclude>
    <ClInclude Include="HandGun.h">
      <Filter>GameScene\Object\Unit\Weapon\Gun</Filter>
    </ClInclude>
    <ClInclude Include="EnemyManager.h">
      <Filter>GameScene\Object\Unit\Enemy</Filter>
    </ClInclude>
    <ClInclude Include="ShotgunKin.h">
      <Filter>GameScene\Object\Unit\Enemy</Filter>
    </ClInclude>
    <ClInclude Include="BulletKim.h">
      <Filter>GameScene\Object\Unit\Enemy</Filter>
    </ClInclude>
    <ClInclude Include="CEnemy.h">
      <Filter>GameScene\Object\Unit\Enemy</Filter>
    </ClInclude>
    <ClInclude Include="ShotGun.h">
      <Filter>GameScene\Object\Unit\Weapon\Gun</Filter>
    </ClInclude>
    <ClInclude Include="CEffect.h">
      <Filter>GameScene\Object\Effect</Filter>
    </ClInclude>
    <ClInclude Include="Elevator.h">
      <Filter>GameScene\Object\Effect</Filter>
    </ClInclude>
    <ClInclude Include="Fade.h" />
    <ClInclude Include="TutorialScroll.h">
      <Filter>GameScene\Object\Effect</Filter>
    </ClInclude>
    <ClInclude Include="PlayerUI.h">
      <Filter>GameScene\Object\Unit\Player</Filter>
    </ClInclude>
    <ClInclude Include="Font.h">
      <Filter>GameScene\Object\UI</Filter>
    </ClInclude>
    <ClInclude Include="GatlingGull.h">
      <Filter>GameScene\Object\Unit\Boss</Filter>
    </ClInclude>
    <ClInclude Include="CBoss.h">
      <Filter>GameScene\Object\Unit\Boss</Filter>
    </ClInclude>
    <ClInclude Include="BossState.h">
      <Filter>GameScene\Object\Unit\Boss</Filter>
    </ClInclude>
    <ClInclude Include="Card.h">
      <Filter>GameScene\Object\UI</Filter>
    </ClInclude>
    <ClInclude Include="LevelUpEvent.h">
      <Filter>GameScene\Object\Unit\Player</Filter>
    </ClInclude>
    <ClInclude Include="BossUI.h">
      <Filter>GameScene\Object\Unit\Boss</Filter>
    </ClInclude>
    <ClInclude Include="BanBulletKin.h">
      <Filter>GameScene\Object\Unit\Enemy</Filter>
    </ClInclude>
    <ClInclude Include="SubMachineGun.h">
      <Filter>GameScene\Object\Unit\Weapon\Gun</Filter>
    </ClInclude>
    <ClInclude Include="Shotgat.h">
      <Filter>GameScene\Object\Unit\Enemy</Filter>
    </ClInclude>
    <ClInclude Include="ShotgatBullet.h">
      <Filter>GameScene\Object\Unit\Weapon\Bullet</Filter>
    </ClInclude>
    <ClInclude Include="GameScene2.h">
      <Filter>GameScene\Scene</Filter>
    </ClInclude>
    <ClInclude Include="GameScene3.h">
      <Filter>GameScene\Scene</Filter>
    </ClInclude>
    <ClInclude Include="PoisonBullet.h">
      <Filter>GameScene\Object\Unit\Weapon\Bullet</Filter>
    </ClInclude>
    <ClInclude Include="ShaderManager.h">
      <Filter>Shader</Filter>
    </ClInclude>
    <ClInclude Include="ColorShader.h">
      <Filter>Shader</Filter>
    </ClInclude>
    <ClInclude Include="GlowShader.h">
      <Filter>Shader</Filter>
    </ClInclude>
    <ClInclude Include="Item.h">
      <Filter>GameScene\Object\Item</Filter>
    </ClInclude>
    <ClInclude Include="Minimap.h">
      <Filter>GameScene\Object\UI</Filter>
    </ClInclude>
  </ItemGroup>
  <ItemGroup>
    <CLInclude Include="resource.h">
      <Filter>Resource Files</Filter>
    </CLInclude>
    <ResourceCompile Include="ActionShootingGame.rc">
      <Filter>Resource Files</Filter>
    </ResourceCompile>
  </ItemGroup>
  <ItemGroup>
    <FxCompile Include="Assets\Shader\whiteShader.fx">
      <Filter>Shader\fx</Filter>
    </FxCompile>
  </ItemGroup>
</Project>